{
    "name": "nextjs-shared",
    "version": "1.0.0",
    "lockfileVersion": 2,
    "requires": true,
    "packages": {
        "": {
            "name": "nextjs-shared",
            "version": "1.0.0",
            "license": "MIT",
            "dependencies": {
                "feather-route-matcher": "^4.0.0"
            }
        },
        "node_modules/feather-route-matcher": {
            "version": "4.0.0",
            "resolved": "https://registry.npmjs.org/feather-route-matcher/-/feather-route-matcher-4.0.0.tgz",
            "integrity": "sha512-ZBQx/3pMDnpjJi3zUDEhZ5Mvu+lUsTyWQoKH3tWEb0LysDZmzui0tH0oyMvA8fEWWJtHbvOzOpIWwoOBst/Apw=="
        }
    },
    "dependencies": {
        "feather-route-matcher": {
            "version": "4.0.0",
            "resolved": "https://registry.npmjs.org/feather-route-matcher/-/feather-route-matcher-4.0.0.tgz",
            "integrity": "sha512-ZBQx/3pMDnpjJi3zUDEhZ5Mvu+lUsTyWQoKH3tWEb0LysDZmzui0tH0oyMvA8fEWWJtHbvOzOpIWwoOBst/Apw=="
        }
    }
}
